
Microsoft Visual Studio Solution File, Format Version 12.00
# Visual Studio Version 16
VisualStudioVersion = 16.0.29613.14
MinimumVisualStudioVersion = 10.0.40219.1
Project("{FAE04EC0-301F-11D3-BF4B-00C04F79EFBC}") = "Ahorcado_GAME", "Ahorcado_GAME.csproj", "{5FF22695-F1F5-4DE8-9FC4-4E297C13A112}"
EndProject
Global
	GlobalSection(SolutionConfigurationPlatforms) = preSolution
		Debug|Any CPU = Debug|Any CPU
		Release|Any CPU = Release|Any CPU
	EndGlobalSection
	GlobalSection(ProjectConfigurationPlatforms) = postSolution
		{5FF22695-F1F5-4DE8-9FC4-4E297C13A112}.Debug|Any CPU.ActiveCfg = Debug|Any CPU
		{5FF22695-F1F5-4DE8-9FC4-4E297C13A112}.Debug|Any CPU.Build.0 = Debug|Any CPU
		{5FF22695-F1F5-4DE8-9FC4-4E297C13A112}.Release|Any CPU.ActiveCfg = Release|Any CPU
		{5FF22695-F1F5-4DE8-9FC4-4E297C13A112}.Release|Any CPU.Build.0 = Release|Any CPU
	EndGlobalSection
	GlobalSection(SolutionProperties) = preSolution
		HideSolutionNode = FALSE
	EndGlobalSection
	GlobalSection(ExtensibilityGlobals) = postSolution
		SolutionGuid = {B572AC46-A9C6-46DB-A6D1-1DE12AD4E77F}
	EndGlobalSection
EndGlobal
