
Microsoft Visual Studio Solution File, Format Version 12.00
# Visual Studio Version 16
VisualStudioVersion = 16.0.29519.87
MinimumVisualStudioVersion = 10.0.40219.1
Project("{FAE04EC0-301F-11D3-BF4B-00C04F79EFBC}") = "Ejercicio6Semana1ClasesRecuperacion", "Ejercicio6Semana1ClasesRecuperacion\Ejercicio6Semana1ClasesRecuperacion.csproj", "{1B76B0B7-0F83-47B9-9125-2372013A0B2E}"
EndProject
Global
	GlobalSection(SolutionConfigurationPlatforms) = preSolution
		Debug|Any CPU = Debug|Any CPU
		Release|Any CPU = Release|Any CPU
	EndGlobalSection
	GlobalSection(ProjectConfigurationPlatforms) = postSolution
		{1B76B0B7-0F83-47B9-9125-2372013A0B2E}.Debug|Any CPU.ActiveCfg = Debug|Any CPU
		{1B76B0B7-0F83-47B9-9125-2372013A0B2E}.Debug|Any CPU.Build.0 = Debug|Any CPU
		{1B76B0B7-0F83-47B9-9125-2372013A0B2E}.Release|Any CPU.ActiveCfg = Release|Any CPU
		{1B76B0B7-0F83-47B9-9125-2372013A0B2E}.Release|Any CPU.Build.0 = Release|Any CPU
	EndGlobalSection
	GlobalSection(SolutionProperties) = preSolution
		HideSolutionNode = FALSE
	EndGlobalSection
	GlobalSection(ExtensibilityGlobals) = postSolution
		SolutionGuid = {7E15012A-1D08-4D53-ACF8-DAAACA8C065A}
	EndGlobalSection
EndGlobal
