
Microsoft Visual Studio Solution File, Format Version 12.00
# Visual Studio Version 16
VisualStudioVersion = 16.0.29613.14
MinimumVisualStudioVersion = 10.0.40219.1
Project("{FAE04EC0-301F-11D3-BF4B-00C04F79EFBC}") = "VentasTiendaSemanales", "VentasTiendaSemanales.csproj", "{0364376B-F8D4-43BF-A874-FB1D376F15E4}"
EndProject
Global
	GlobalSection(SolutionConfigurationPlatforms) = preSolution
		Debug|Any CPU = Debug|Any CPU
		Release|Any CPU = Release|Any CPU
	EndGlobalSection
	GlobalSection(ProjectConfigurationPlatforms) = postSolution
		{0364376B-F8D4-43BF-A874-FB1D376F15E4}.Debug|Any CPU.ActiveCfg = Debug|Any CPU
		{0364376B-F8D4-43BF-A874-FB1D376F15E4}.Debug|Any CPU.Build.0 = Debug|Any CPU
		{0364376B-F8D4-43BF-A874-FB1D376F15E4}.Release|Any CPU.ActiveCfg = Release|Any CPU
		{0364376B-F8D4-43BF-A874-FB1D376F15E4}.Release|Any CPU.Build.0 = Release|Any CPU
	EndGlobalSection
	GlobalSection(SolutionProperties) = preSolution
		HideSolutionNode = FALSE
	EndGlobalSection
	GlobalSection(ExtensibilityGlobals) = postSolution
		SolutionGuid = {3557D658-8DF9-4D45-8A2A-70C79995C1FB}
	EndGlobalSection
EndGlobal
