
Microsoft Visual Studio Solution File, Format Version 12.00
# Visual Studio Version 16
VisualStudioVersion = 16.0.29519.87
MinimumVisualStudioVersion = 10.0.40219.1
Project("{FAE04EC0-301F-11D3-BF4B-00C04F79EFBC}") = "Ejercicio5Semana1ClasesRecuperacion", "Ejercicio5Semana1ClasesRecuperacion\Ejercicio5Semana1ClasesRecuperacion.csproj", "{4C7C7947-0303-4A0B-8299-95D74C27F95A}"
EndProject
Global
	GlobalSection(SolutionConfigurationPlatforms) = preSolution
		Debug|Any CPU = Debug|Any CPU
		Release|Any CPU = Release|Any CPU
	EndGlobalSection
	GlobalSection(ProjectConfigurationPlatforms) = postSolution
		{4C7C7947-0303-4A0B-8299-95D74C27F95A}.Debug|Any CPU.ActiveCfg = Debug|Any CPU
		{4C7C7947-0303-4A0B-8299-95D74C27F95A}.Debug|Any CPU.Build.0 = Debug|Any CPU
		{4C7C7947-0303-4A0B-8299-95D74C27F95A}.Release|Any CPU.ActiveCfg = Release|Any CPU
		{4C7C7947-0303-4A0B-8299-95D74C27F95A}.Release|Any CPU.Build.0 = Release|Any CPU
	EndGlobalSection
	GlobalSection(SolutionProperties) = preSolution
		HideSolutionNode = FALSE
	EndGlobalSection
	GlobalSection(ExtensibilityGlobals) = postSolution
		SolutionGuid = {61781652-4B0C-4A1A-800C-189908D2C575}
	EndGlobalSection
EndGlobal
